
Microsoft Visual Studio Solution File, Format Version 12.00
# Visual Studio Version 16
VisualStudioVersion = 16.0.31515.178
MinimumVisualStudioVersion = 10.0.40219.1
Project("{FAE04EC0-301F-11D3-BF4B-00C04F79EFBC}") = "CrossBrowserTesting_Nunit", "CrossBrowserTesting_Nunit\CrossBrowserTesting_Nunit.csproj", "{87AA72D4-C0D7-4375-80CC-41A29A0B2F6C}"
EndProject
Global
	GlobalSection(SolutionConfigurationPlatforms) = preSolution
		Debug|Any CPU = Debug|Any CPU
		Release|Any CPU = Release|Any CPU
	EndGlobalSection
	GlobalSection(ProjectConfigurationPlatforms) = postSolution
		{87AA72D4-C0D7-4375-80CC-41A29A0B2F6C}.Debug|Any CPU.ActiveCfg = Debug|Any CPU
		{87AA72D4-C0D7-4375-80CC-41A29A0B2F6C}.Debug|Any CPU.Build.0 = Debug|Any CPU
		{87AA72D4-C0D7-4375-80CC-41A29A0B2F6C}.Release|Any CPU.ActiveCfg = Release|Any CPU
		{87AA72D4-C0D7-4375-80CC-41A29A0B2F6C}.Release|Any CPU.Build.0 = Release|Any CPU
	EndGlobalSection
	GlobalSection(SolutionProperties) = preSolution
		HideSolutionNode = FALSE
	EndGlobalSection
	GlobalSection(ExtensibilityGlobals) = postSolution
		SolutionGuid = {F5695A5E-0138-45B9-87F8-30A941BDADCC}
	EndGlobalSection
EndGlobal
